// !$*UTF8*$!
{
	archiveVersion = 1;
	classes = {
	};
	objectVersion = 46;
	objects = {

/* Begin PBXBuildFile section */
		2226FE741D885D620070578A /* AppDelegate.swift in Sources */ = {isa = PBXBuildFile; fileRef = 2226FE731D885D620070578A /* AppDelegate.swift */; };
		2226FE7B1D885D620070578A /* Assets.xcassets in Resources */ = {isa = PBXBuildFile; fileRef = 2226FE7A1D885D620070578A /* Assets.xcassets */; };
		2226FE7E1D885D620070578A /* LaunchScreen.storyboard in Resources */ = {isa = PBXBuildFile; fileRef = 2226FE7C1D885D620070578A /* LaunchScreen.storyboard */; };
		372FE0CC1D9863AB009FA296 /* VIewControllerExt.swift in Sources */ = {isa = PBXBuildFile; fileRef = 372FE0CB1D9863AB009FA296 /* VIewControllerExt.swift */; };
		375608561D9826E000650E48 /* GWDefaultViewController.swift in Sources */ = {isa = PBXBuildFile; fileRef = 375608551D9826E000650E48 /* GWDefaultViewController.swift */; };
		3756085C1D9838A200650E48 /* WeaponTableViewCell.swift in Sources */ = {isa = PBXBuildFile; fileRef = 3756085A1D9838A200650E48 /* WeaponTableViewCell.swift */; };
		3756085D1D9838A200650E48 /* WeaponTableViewCell.xib in Resources */ = {isa = PBXBuildFile; fileRef = 3756085B1D9838A200650E48 /* WeaponTableViewCell.xib */; };
		375608601D984BD900650E48 /* CharacterManager.swift in Sources */ = {isa = PBXBuildFile; fileRef = 3756085F1D984BD900650E48 /* CharacterManager.swift */; };
		37C609571D88741E0086ECE1 /* Character.swift in Sources */ = {isa = PBXBuildFile; fileRef = 37C6094E1D88741E0086ECE1 /* Character.swift */; };
		37C609581D88741E0086ECE1 /* HomeView.xib in Resources */ = {isa = PBXBuildFile; fileRef = 37C609501D88741E0086ECE1 /* HomeView.xib */; };
		37C609591D88741E0086ECE1 /* HomeViewController.swift in Sources */ = {isa = PBXBuildFile; fileRef = 37C609511D88741E0086ECE1 /* HomeViewController.swift */; };
		37C6095A1D88741F0086ECE1 /* Excalibur.swift in Sources */ = {isa = PBXBuildFile; fileRef = 37C609531D88741E0086ECE1 /* Excalibur.swift */; };
		37C6095B1D88741F0086ECE1 /* Gun.swift in Sources */ = {isa = PBXBuildFile; fileRef = 37C609541D88741E0086ECE1 /* Gun.swift */; };
		37C6095C1D88741F0086ECE1 /* IWeapon.swift in Sources */ = {isa = PBXBuildFile; fileRef = 37C609551D88741E0086ECE1 /* IWeapon.swift */; };
		37C6095D1D88741F0086ECE1 /* Sword.swift in Sources */ = {isa = PBXBuildFile; fileRef = 37C609561D88741E0086ECE1 /* Sword.swift */; };
		37C609601D8875180086ECE1 /* CharacterListViewController.swift in Sources */ = {isa = PBXBuildFile; fileRef = 37C6095E1D8875180086ECE1 /* CharacterListViewController.swift */; };
		37C609611D8875180086ECE1 /* CharacterListViewController.xib in Resources */ = {isa = PBXBuildFile; fileRef = 37C6095F1D8875180086ECE1 /* CharacterListViewController.xib */; };
		37C609641D88752E0086ECE1 /* CharacterFormViewController.swift in Sources */ = {isa = PBXBuildFile; fileRef = 37C609621D88752E0086ECE1 /* CharacterFormViewController.swift */; };
		37C609651D88752E0086ECE1 /* CharacterFormViewController.xib in Resources */ = {isa = PBXBuildFile; fileRef = 37C609631D88752E0086ECE1 /* CharacterFormViewController.xib */; };
		37C609681D88756B0086ECE1 /* WeaponListViewController.swift in Sources */ = {isa = PBXBuildFile; fileRef = 37C609661D88756B0086ECE1 /* WeaponListViewController.swift */; };
		37C609691D88756B0086ECE1 /* WeaponListViewController.xib in Resources */ = {isa = PBXBuildFile; fileRef = 37C609671D88756B0086ECE1 /* WeaponListViewController.xib */; };
/* End PBXBuildFile section */

/* Begin PBXFileReference section */
		2226FE701D885D620070578A /* GameWeapon.app */ = {isa = PBXFileReference; explicitFileType = wrapper.application; includeInIndex = 0; path = GameWeapon.app; sourceTree = BUILT_PRODUCTS_DIR; };
		2226FE731D885D620070578A /* AppDelegate.swift */ = {isa = PBXFileReference; lastKnownFileType = sourcecode.swift; path = AppDelegate.swift; sourceTree = "<group>"; };
		2226FE7A1D885D620070578A /* Assets.xcassets */ = {isa = PBXFileReference; lastKnownFileType = folder.assetcatalog; path = Assets.xcassets; sourceTree = "<group>"; };
		2226FE7D1D885D620070578A /* Base */ = {isa = PBXFileReference; lastKnownFileType = file.storyboard; name = Base; path = Base.lproj/LaunchScreen.storyboard; sourceTree = "<group>"; };
		2226FE7F1D885D620070578A /* Info.plist */ = {isa = PBXFileReference; lastKnownFileType = text.plist.xml; path = Info.plist; sourceTree = "<group>"; };
		372FE0CB1D9863AB009FA296 /* VIewControllerExt.swift */ = {isa = PBXFileReference; fileEncoding = 4; lastKnownFileType = sourcecode.swift; path = VIewControllerExt.swift; sourceTree = "<group>"; };
		375608551D9826E000650E48 /* GWDefaultViewController.swift */ = {isa = PBXFileReference; fileEncoding = 4; lastKnownFileType = sourcecode.swift; path = GWDefaultViewController.swift; sourceTree = "<group>"; };
		3756085A1D9838A200650E48 /* WeaponTableViewCell.swift */ = {isa = PBXFileReference; fileEncoding = 4; lastKnownFileType = sourcecode.swift; path = WeaponTableViewCell.swift; sourceTree = "<group>"; };
		3756085B1D9838A200650E48 /* WeaponTableViewCell.xib */ = {isa = PBXFileReference; fileEncoding = 4; lastKnownFileType = file.xib; path = WeaponTableViewCell.xib; sourceTree = "<group>"; };
		3756085F1D984BD900650E48 /* CharacterManager.swift */ = {isa = PBXFileReference; fileEncoding = 4; lastKnownFileType = sourcecode.swift; path = CharacterManager.swift; sourceTree = "<group>"; };
		37C6094E1D88741E0086ECE1 /* Character.swift */ = {isa = PBXFileReference; fileEncoding = 4; lastKnownFileType = sourcecode.swift; path = Character.swift; sourceTree = "<group>"; };
		37C609501D88741E0086ECE1 /* HomeView.xib */ = {isa = PBXFileReference; fileEncoding = 4; lastKnownFileType = file.xib; path = HomeView.xib; sourceTree = "<group>"; };
		37C609511D88741E0086ECE1 /* HomeViewController.swift */ = {isa = PBXFileReference; fileEncoding = 4; lastKnownFileType = sourcecode.swift; path = HomeViewController.swift; sourceTree = "<group>"; };
		37C609531D88741E0086ECE1 /* Excalibur.swift */ = {isa = PBXFileReference; fileEncoding = 4; lastKnownFileType = sourcecode.swift; path = Excalibur.swift; sourceTree = "<group>"; };
		37C609541D88741E0086ECE1 /* Gun.swift */ = {isa = PBXFileReference; fileEncoding = 4; lastKnownFileType = sourcecode.swift; path = Gun.swift; sourceTree = "<group>"; };
		37C609551D88741E0086ECE1 /* IWeapon.swift */ = {isa = PBXFileReference; fileEncoding = 4; lastKnownFileType = sourcecode.swift; path = IWeapon.swift; sourceTree = "<group>"; };
		37C609561D88741E0086ECE1 /* Sword.swift */ = {isa = PBXFileReference; fileEncoding = 4; lastKnownFileType = sourcecode.swift; path = Sword.swift; sourceTree = "<group>"; };
		37C6095E1D8875180086ECE1 /* CharacterListViewController.swift */ = {isa = PBXFileReference; fileEncoding = 4; lastKnownFileType = sourcecode.swift; path = CharacterListViewController.swift; sourceTree = "<group>"; };
		37C6095F1D8875180086ECE1 /* CharacterListViewController.xib */ = {isa = PBXFileReference; fileEncoding = 4; lastKnownFileType = file.xib; path = CharacterListViewController.xib; sourceTree = "<group>"; };
		37C609621D88752E0086ECE1 /* CharacterFormViewController.swift */ = {isa = PBXFileReference; fileEncoding = 4; lastKnownFileType = sourcecode.swift; path = CharacterFormViewController.swift; sourceTree = "<group>"; };
		37C609631D88752E0086ECE1 /* CharacterFormViewController.xib */ = {isa = PBXFileReference; fileEncoding = 4; lastKnownFileType = file.xib; path = CharacterFormViewController.xib; sourceTree = "<group>"; };
		37C609661D88756B0086ECE1 /* WeaponListViewController.swift */ = {isa = PBXFileReference; fileEncoding = 4; lastKnownFileType = sourcecode.swift; path = WeaponListViewController.swift; sourceTree = "<group>"; };
		37C609671D88756B0086ECE1 /* WeaponListViewController.xib */ = {isa = PBXFileReference; fileEncoding = 4; lastKnownFileType = file.xib; path = WeaponListViewController.xib; sourceTree = "<group>"; };
/* End PBXFileReference section */

/* Begin PBXFrameworksBuildPhase section */
		2226FE6D1D885D620070578A /* Frameworks */ = {
			isa = PBXFrameworksBuildPhase;
			buildActionMask = 2147483647;
			files = (
			);
			runOnlyForDeploymentPostprocessing = 0;
		};
/* End PBXFrameworksBuildPhase section */

/* Begin PBXGroup section */
		2226FE671D885D620070578A = {
			isa = PBXGroup;
			children = (
				2226FE721D885D620070578A /* GameWeapon */,
				2226FE711D885D620070578A /* Products */,
			);
			sourceTree = "<group>";
		};
		2226FE711D885D620070578A /* Products */ = {
			isa = PBXGroup;
			children = (
				2226FE701D885D620070578A /* GameWeapon.app */,
			);
			name = Products;
			sourceTree = "<group>";
		};
		2226FE721D885D620070578A /* GameWeapon */ = {
			isa = PBXGroup;
			children = (
				37C6094D1D88741E0086ECE1 /* Character */,
				375608581D98386100650E48 /* Components */,
				3756085E1D984BC600650E48 /* Manager */,
				37C6094F1D88741E0086ECE1 /* Views */,
				37C609521D88741E0086ECE1 /* Weapon */,
				2226FE731D885D620070578A /* AppDelegate.swift */,
				2226FE7A1D885D620070578A /* Assets.xcassets */,
				2226FE7F1D885D620070578A /* Info.plist */,
				2226FE7C1D885D620070578A /* LaunchScreen.storyboard */,
				372FE0CB1D9863AB009FA296 /* VIewControllerExt.swift */,
			);
			path = GameWeapon;
			sourceTree = "<group>";
		};
		375608581D98386100650E48 /* Components */ = {
			isa = PBXGroup;
			children = (
				375608591D98386100650E48 /* TableViewCell */,
			);
			path = Components;
			sourceTree = "<group>";
		};
		375608591D98386100650E48 /* TableViewCell */ = {
			isa = PBXGroup;
			children = (
				3756085A1D9838A200650E48 /* WeaponTableViewCell.swift */,
				3756085B1D9838A200650E48 /* WeaponTableViewCell.xib */,
			);
			path = TableViewCell;
			sourceTree = "<group>";
		};
		3756085E1D984BC600650E48 /* Manager */ = {
			isa = PBXGroup;
			children = (
				3756085F1D984BD900650E48 /* CharacterManager.swift */,
			);
			path = Manager;
			sourceTree = "<group>";
		};
		37C6094D1D88741E0086ECE1 /* Character */ = {
			isa = PBXGroup;
			children = (
				37C6094E1D88741E0086ECE1 /* Character.swift */,
			);
			path = Character;
			sourceTree = "<group>";
		};
		37C6094F1D88741E0086ECE1 /* Views */ = {
			isa = PBXGroup;
			children = (
				37C609501D88741E0086ECE1 /* HomeView.xib */,
				37C609511D88741E0086ECE1 /* HomeViewController.swift */,
				37C6095E1D8875180086ECE1 /* CharacterListViewController.swift */,
				37C6095F1D8875180086ECE1 /* CharacterListViewController.xib */,
				37C609621D88752E0086ECE1 /* CharacterFormViewController.swift */,
				37C609631D88752E0086ECE1 /* CharacterFormViewController.xib */,
				37C609661D88756B0086ECE1 /* WeaponListViewController.swift */,
				37C609671D88756B0086ECE1 /* WeaponListViewController.xib */,
				375608551D9826E000650E48 /* GWDefaultViewController.swift */,
			);
			path = Views;
			sourceTree = "<group>";
		};
		37C609521D88741E0086ECE1 /* Weapon */ = {
			isa = PBXGroup;
			children = (
				37C609531D88741E0086ECE1 /* Excalibur.swift */,
				37C609541D88741E0086ECE1 /* Gun.swift */,
				37C609551D88741E0086ECE1 /* IWeapon.swift */,
				37C609561D88741E0086ECE1 /* Sword.swift */,
			);
			path = Weapon;
			sourceTree = "<group>";
		};
/* End PBXGroup section */

/* Begin PBXNativeTarget section */
		2226FE6F1D885D620070578A /* GameWeapon */ = {
			isa = PBXNativeTarget;
			buildConfigurationList = 2226FE821D885D620070578A /* Build configuration list for PBXNativeTarget "GameWeapon" */;
			buildPhases = (
				2226FE6C1D885D620070578A /* Sources */,
				2226FE6D1D885D620070578A /* Frameworks */,
				2226FE6E1D885D620070578A /* Resources */,
			);
			buildRules = (
			);
			dependencies = (
			);
			name = GameWeapon;
			productName = GameWeapon;
			productReference = 2226FE701D885D620070578A /* GameWeapon.app */;
			productType = "com.apple.product-type.application";
		};
/* End PBXNativeTarget section */

/* Begin PBXProject section */
		2226FE681D885D620070578A /* Project object */ = {
			isa = PBXProject;
			attributes = {
				LastSwiftUpdateCheck = 0730;
				LastUpgradeCheck = 0730;
				ORGANIZATIONNAME = "Oussama Bentalha";
				TargetAttributes = {
					2226FE6F1D885D620070578A = {
						CreatedOnToolsVersion = 7.3.1;
						DevelopmentTeam = Q2G63B87TD;
					};
				};
			};
			buildConfigurationList = 2226FE6B1D885D620070578A /* Build configuration list for PBXProject "GameWeapon" */;
			compatibilityVersion = "Xcode 3.2";
			developmentRegion = English;
			hasScannedForEncodings = 0;
			knownRegions = (
				en,
				Base,
			);
			mainGroup = 2226FE671D885D620070578A;
			productRefGroup = 2226FE711D885D620070578A /* Products */;
			projectDirPath = "";
			projectRoot = "";
			targets = (
				2226FE6F1D885D620070578A /* GameWeapon */,
			);
		};
/* End PBXProject section */

/* Begin PBXResourcesBuildPhase section */
		2226FE6E1D885D620070578A /* Resources */ = {
			isa = PBXResourcesBuildPhase;
			buildActionMask = 2147483647;
			files = (
				37C609611D8875180086ECE1 /* CharacterListViewController.xib in Resources */,
				3756085D1D9838A200650E48 /* WeaponTableViewCell.xib in Resources */,
				37C609581D88741E0086ECE1 /* HomeView.xib in Resources */,
				37C609691D88756B0086ECE1 /* WeaponListViewController.xib in Resources */,
				2226FE7E1D885D620070578A /* LaunchScreen.storyboard in Resources */,
				37C609651D88752E0086ECE1 /* CharacterFormViewController.xib in Resources */,
				2226FE7B1D885D620070578A /* Assets.xcassets in Resources */,
			);
			runOnlyForDeploymentPostprocessing = 0;
		};
/* End PBXResourcesBuildPhase section */

/* Begin PBXSourcesBuildPhase section */
		2226FE6C1D885D620070578A /* Sources */ = {
			isa = PBXSourcesBuildPhase;
			buildActionMask = 2147483647;
			files = (
				2226FE741D885D620070578A /* AppDelegate.swift in Sources */,
				375608561D9826E000650E48 /* GWDefaultViewController.swift in Sources */,
				37C609591D88741E0086ECE1 /* HomeViewController.swift in Sources */,
				37C6095A1D88741F0086ECE1 /* Excalibur.swift in Sources */,
				372FE0CC1D9863AB009FA296 /* VIewControllerExt.swift in Sources */,
				37C6095B1D88741F0086ECE1 /* Gun.swift in Sources */,
				3756085C1D9838A200650E48 /* WeaponTableViewCell.swift in Sources */,
				37C609681D88756B0086ECE1 /* WeaponListViewController.swift in Sources */,
				37C609601D8875180086ECE1 /* CharacterListViewController.swift in Sources */,
				375608601D984BD900650E48 /* CharacterManager.swift in Sources */,
				37C609571D88741E0086ECE1 /* Character.swift in Sources */,
				37C609641D88752E0086ECE1 /* CharacterFormViewController.swift in Sources */,
				37C6095D1D88741F0086ECE1 /* Sword.swift in Sources */,
				37C6095C1D88741F0086ECE1 /* IWeapon.swift in Sources */,
			);
			runOnlyForDeploymentPostprocessing = 0;
		};
/* End PBXSourcesBuildPhase section */

/* Begin PBXVariantGroup section */
		2226FE7C1D885D620070578A /* LaunchScreen.storyboard */ = {
			isa = PBXVariantGroup;
			children = (
				2226FE7D1D885D620070578A /* Base */,
			);
			name = LaunchScreen.storyboard;
			sourceTree = "<group>";
		};
/* End PBXVariantGroup section */

/* Begin XCBuildConfiguration section */
		2226FE801D885D620070578A /* Debug */ = {
			isa = XCBuildConfiguration;
			buildSettings = {
				ALWAYS_SEARCH_USER_PATHS = NO;
				CLANG_ANALYZER_NONNULL = YES;
				CLANG_CXX_LANGUAGE_STANDARD = "gnu++0x";
				CLANG_CXX_LIBRARY = "libc++";
				CLANG_ENABLE_MODULES = YES;
				CLANG_ENABLE_OBJC_ARC = YES;
				CLANG_WARN_BOOL_CONVERSION = YES;
				CLANG_WARN_CONSTANT_CONVERSION = YES;
				CLANG_WARN_DIRECT_OBJC_ISA_USAGE = YES_ERROR;
				CLANG_WARN_EMPTY_BODY = YES;
				CLANG_WARN_ENUM_CONVERSION = YES;
				CLANG_WARN_INT_CONVERSION = YES;
				CLANG_WARN_OBJC_ROOT_CLASS = YES_ERROR;
				CLANG_WARN_UNREACHABLE_CODE = YES;
				CLANG_WARN__DUPLICATE_METHOD_MATCH = YES;
				"CODE_SIGN_IDENTITY[sdk=iphoneos*]" = "iPhone Developer";
				COPY_PHASE_STRIP = NO;
				DEBUG_INFORMATION_FORMAT = dwarf;
				ENABLE_STRICT_OBJC_MSGSEND = YES;
				ENABLE_TESTABILITY = YES;
				GCC_C_LANGUAGE_STANDARD = gnu99;
				GCC_DYNAMIC_NO_PIC = NO;
				GCC_NO_COMMON_BLOCKS = YES;
				GCC_OPTIMIZATION_LEVEL = 0;
				GCC_PREPROCESSOR_DEFINITIONS = (
					"DEBUG=1",
					"$(inherited)",
				);
				GCC_WARN_64_TO_32_BIT_CONVERSION = YES;
				GCC_WARN_ABOUT_RETURN_TYPE = YES_ERROR;
				GCC_WARN_UNDECLARED_SELECTOR = YES;
				GCC_WARN_UNINITIALIZED_AUTOS = YES_AGGRESSIVE;
				GCC_WARN_UNUSED_FUNCTION = YES;
				GCC_WARN_UNUSED_VARIABLE = YES;
				IPHONEOS_DEPLOYMENT_TARGET = 9.3;
				MTL_ENABLE_DEBUG_INFO = YES;
				ONLY_ACTIVE_ARCH = YES;
				SDKROOT = iphoneos;
				SWIFT_OPTIMIZATION_LEVEL = "-Onone";
				TARGETED_DEVICE_FAMILY = "1,2";
			};
			name = Debug;
		};
		2226FE811D885D620070578A /* Release */ = {
			isa = XCBuildConfiguration;
			buildSettings = {
				ALWAYS_SEARCH_USER_PATHS = NO;
				CLANG_ANALYZER_NONNULL = YES;
				CLANG_CXX_LANGUAGE_STANDARD = "gnu++0x";
				CLANG_CXX_LIBRARY = "libc++";
				CLANG_ENABLE_MODULES = YES;
				CLANG_ENABLE_OBJC_ARC = YES;
				CLANG_WARN_BOOL_CONVERSION = YES;
				CLANG_WARN_CONSTANT_CONVERSION = YES;
				CLANG_WARN_DIRECT_OBJC_ISA_USAGE = YES_ERROR;
				CLANG_WARN_EMPTY_BODY = YES;
				CLANG_WARN_ENUM_CONVERSION = YES;
				CLANG_WARN_INT_CONVERSION = YES;
				CLANG_WARN_OBJC_ROOT_CLASS = YES_ERROR;
				CLANG_WARN_UNREACHABLE_CODE = YES;
				CLANG_WARN__DUPLICATE_METHOD_MATCH = YES;
				"CODE_SIGN_IDENTITY[sdk=iphoneos*]" = "iPhone Developer";
				COPY_PHASE_STRIP = NO;
				DEBUG_INFORMATION_FORMAT = "dwarf-with-dsym";
				ENABLE_NS_ASSERTIONS = NO;
				ENABLE_STRICT_OBJC_MSGSEND = YES;
				GCC_C_LANGUAGE_STANDARD = gnu99;
				GCC_NO_COMMON_BLOCKS = YES;
				GCC_WARN_64_TO_32_BIT_CONVERSION = YES;
				GCC_WARN_ABOUT_RETURN_TYPE = YES_ERROR;
				GCC_WARN_UNDECLARED_SELECTOR = YES;
				GCC_WARN_UNINITIALIZED_AUTOS = YES_AGGRESSIVE;
				GCC_WARN_UNUSED_FUNCTION = YES;
				GCC_WARN_UNUSED_VARIABLE = YES;
				IPHONEOS_DEPLOYMENT_TARGET = 9.3;
				MTL_ENABLE_DEBUG_INFO = NO;
				SDKROOT = iphoneos;
				TARGETED_DEVICE_FAMILY = "1,2";
				VALIDATE_PRODUCT = YES;
			};
			name = Release;
		};
		2226FE831D885D620070578A /* Debug */ = {
			isa = XCBuildConfiguration;
			buildSettings = {
				ASSETCATALOG_COMPILER_APPICON_NAME = AppIcon;
				CODE_SIGN_IDENTITY = "iPhone Developer";
				"CODE_SIGN_IDENTITY[sdk=iphoneos*]" = "iPhone Developer";
				INFOPLIST_FILE = GameWeapon/Info.plist;
				LD_RUNPATH_SEARCH_PATHS = "$(inherited) @executable_path/Frameworks";
				PRODUCT_BUNDLE_IDENTIFIER = esgi.swift.GameWeapon;
				PRODUCT_NAME = "$(TARGET_NAME)";
				PROVISIONING_PROFILE = "";
			};
			name = Debug;
		};
		2226FE841D885D620070578A /* Release */ = {
			isa = XCBuildConfiguration;
			buildSettings = {
				ASSETCATALOG_COMPILER_APPICON_NAME = AppIcon;
				CODE_SIGN_IDENTITY = "iPhone Developer";
				"CODE_SIGN_IDENTITY[sdk=iphoneos*]" = "iPhone Developer";
				INFOPLIST_FILE = GameWeapon/Info.plist;
				LD_RUNPATH_SEARCH_PATHS = "$(inherited) @executable_path/Frameworks";
				PRODUCT_BUNDLE_IDENTIFIER = esgi.swift.GameWeapon;
				PRODUCT_NAME = "$(TARGET_NAME)";
				PROVISIONING_PROFILE = "";
			};
			name = Release;
		};
/* End XCBuildConfiguration section */

/* Begin XCConfigurationList section */
		2226FE6B1D885D620070578A /* Build configuration list for PBXProject "GameWeapon" */ = {
			isa = XCConfigurationList;
			buildConfigurations = (
				2226FE801D885D620070578A /* Debug */,
				2226FE811D885D620070578A /* Release */,
			);
			defaultConfigurationIsVisible = 0;
			defaultConfigurationName = Release;
		};
		2226FE821D885D620070578A /* Build configuration list for PBXNativeTarget "GameWeapon" */ = {
			isa = XCConfigurationList;
			buildConfigurations = (
				2226FE831D885D620070578A /* Debug */,
				2226FE841D885D620070578A /* Release */,
			);
			defaultConfigurationIsVisible = 0;
			defaultConfigurationName = Release;
		};
/* End XCConfigurationList section */
	};
	rootObject = 2226FE681D885D620070578A /* Project object */;
}
